
Microsoft Visual Studio Solution File, Format Version 12.00
# Visual Studio Version 16
VisualStudioVersion = 16.0.32106.194
MinimumVisualStudioVersion = 10.0.40219.1
Project("{2150E333-8FDC-42A3-9474-1A3956D46DE8}") = "Services", "Services", "{529D0D54-30FA-4973-93F8-77E5D200B6BE}"
EndProject
Project("{2150E333-8FDC-42A3-9474-1A3956D46DE8}") = "Catalog", "Catalog", "{B98AA4D5-6548-483D-9092-2BB342A969A7}"
EndProject
Project("{9A19103F-16F7-4668-BE54-9A1E7A4F7556}") = "Catalog.API", "Services\Catalog\CatalogAPI\Catalog.API.csproj", "{50087B48-8957-4457-82D8-65A2CD826344}"
EndProject
Project("{E53339B2-1760-4266-BCC7-CA923CBCF16C}") = "docker-compose", "docker-compose.dcproj", "{822CC3B6-FEEC-4DBA-A860-DFF0018F748F}"
EndProject
Project("{2150E333-8FDC-42A3-9474-1A3956D46DE8}") = "Basket", "Basket", "{A09DB364-1008-4C8F-8D26-4AB727138D6C}"
EndProject
Project("{9A19103F-16F7-4668-BE54-9A1E7A4F7556}") = "Basket.API", "Services\Basket\Basket.API\Basket.API.csproj", "{36E5C53B-E5B7-456A-AAD1-538D671C2C06}"
EndProject
Project("{2150E333-8FDC-42A3-9474-1A3956D46DE8}") = "Discount", "Discount", "{A4735D29-06A4-4477-A2F1-78126EC34E98}"
EndProject
Project("{9A19103F-16F7-4668-BE54-9A1E7A4F7556}") = "Discount.API", "Services\Discount\Discount.API\Discount.API.csproj", "{5619F3B6-D765-4647-AAA8-A7E60BAF2F76}"
EndProject
Project("{FAE04EC0-301F-11D3-BF4B-00C04F79EFBC}") = "Discount.Grpc", "Services\Discount\Discount.Grpc\Discount.Grpc.csproj", "{B6450BE3-68CE-4D38-A98D-0605927D0142}"
EndProject
Global
	GlobalSection(SolutionConfigurationPlatforms) = preSolution
		Debug|Any CPU = Debug|Any CPU
		Release|Any CPU = Release|Any CPU
	EndGlobalSection
	GlobalSection(ProjectConfigurationPlatforms) = postSolution
		{50087B48-8957-4457-82D8-65A2CD826344}.Debug|Any CPU.ActiveCfg = Debug|Any CPU
		{50087B48-8957-4457-82D8-65A2CD826344}.Debug|Any CPU.Build.0 = Debug|Any CPU
		{50087B48-8957-4457-82D8-65A2CD826344}.Release|Any CPU.ActiveCfg = Release|Any CPU
		{50087B48-8957-4457-82D8-65A2CD826344}.Release|Any CPU.Build.0 = Release|Any CPU
		{822CC3B6-FEEC-4DBA-A860-DFF0018F748F}.Debug|Any CPU.ActiveCfg = Debug|Any CPU
		{822CC3B6-FEEC-4DBA-A860-DFF0018F748F}.Debug|Any CPU.Build.0 = Debug|Any CPU
		{822CC3B6-FEEC-4DBA-A860-DFF0018F748F}.Release|Any CPU.ActiveCfg = Release|Any CPU
		{822CC3B6-FEEC-4DBA-A860-DFF0018F748F}.Release|Any CPU.Build.0 = Release|Any CPU
		{36E5C53B-E5B7-456A-AAD1-538D671C2C06}.Debug|Any CPU.ActiveCfg = Debug|Any CPU
		{36E5C53B-E5B7-456A-AAD1-538D671C2C06}.Debug|Any CPU.Build.0 = Debug|Any CPU
		{36E5C53B-E5B7-456A-AAD1-538D671C2C06}.Release|Any CPU.ActiveCfg = Release|Any CPU
		{36E5C53B-E5B7-456A-AAD1-538D671C2C06}.Release|Any CPU.Build.0 = Release|Any CPU
		{5619F3B6-D765-4647-AAA8-A7E60BAF2F76}.Debug|Any CPU.ActiveCfg = Debug|Any CPU
		{5619F3B6-D765-4647-AAA8-A7E60BAF2F76}.Debug|Any CPU.Build.0 = Debug|Any CPU
		{5619F3B6-D765-4647-AAA8-A7E60BAF2F76}.Release|Any CPU.ActiveCfg = Release|Any CPU
		{5619F3B6-D765-4647-AAA8-A7E60BAF2F76}.Release|Any CPU.Build.0 = Release|Any CPU
		{B6450BE3-68CE-4D38-A98D-0605927D0142}.Debug|Any CPU.ActiveCfg = Debug|Any CPU
		{B6450BE3-68CE-4D38-A98D-0605927D0142}.Debug|Any CPU.Build.0 = Debug|Any CPU
		{B6450BE3-68CE-4D38-A98D-0605927D0142}.Release|Any CPU.ActiveCfg = Release|Any CPU
		{B6450BE3-68CE-4D38-A98D-0605927D0142}.Release|Any CPU.Build.0 = Release|Any CPU
	EndGlobalSection
	GlobalSection(SolutionProperties) = preSolution
		HideSolutionNode = FALSE
	EndGlobalSection
	GlobalSection(NestedProjects) = preSolution
		{B98AA4D5-6548-483D-9092-2BB342A969A7} = {529D0D54-30FA-4973-93F8-77E5D200B6BE}
		{50087B48-8957-4457-82D8-65A2CD826344} = {B98AA4D5-6548-483D-9092-2BB342A969A7}
		{A09DB364-1008-4C8F-8D26-4AB727138D6C} = {529D0D54-30FA-4973-93F8-77E5D200B6BE}
		{36E5C53B-E5B7-456A-AAD1-538D671C2C06} = {A09DB364-1008-4C8F-8D26-4AB727138D6C}
		{A4735D29-06A4-4477-A2F1-78126EC34E98} = {529D0D54-30FA-4973-93F8-77E5D200B6BE}
		{5619F3B6-D765-4647-AAA8-A7E60BAF2F76} = {A4735D29-06A4-4477-A2F1-78126EC34E98}
		{B6450BE3-68CE-4D38-A98D-0605927D0142} = {A4735D29-06A4-4477-A2F1-78126EC34E98}
	EndGlobalSection
	GlobalSection(ExtensibilityGlobals) = postSolution
		SolutionGuid = {BF280EF1-A6E6-4F55-8D09-49BD53A108FC}
	EndGlobalSection
EndGlobal
